
Microsoft Visual Studio Solution File, Format Version 12.00
# Visual Studio 15
VisualStudioVersion = 15.0.28307.1062
MinimumVisualStudioVersion = 10.0.40219.1
Project("{FAE04EC0-301F-11D3-BF4B-00C04F79EFBC}") = "Test", "Test\Test.csproj", "{ACF5316B-1249-4896-94DB-B09AEB6E2DCA}"
EndProject
Project("{FAE04EC0-301F-11D3-BF4B-00C04F79EFBC}") = "AceLanguageLib", "AceLanguageLib\AceLanguageLib.csproj", "{4B9BA5BC-E707-4EF8-AD95-5322C7CDD634}"
EndProject
Project("{FAE04EC0-301F-11D3-BF4B-00C04F79EFBC}") = "TestForm", "TestFrom\TestForm.csproj", "{043496C9-E4BA-44B5-BB41-DEBD61841B80}"
EndProject
Global
	GlobalSection(SolutionConfigurationPlatforms) = preSolution
		Debug|Any CPU = Debug|Any CPU
		Release|Any CPU = Release|Any CPU
	EndGlobalSection
	GlobalSection(ProjectConfigurationPlatforms) = postSolution
		{ACF5316B-1249-4896-94DB-B09AEB6E2DCA}.Debug|Any CPU.ActiveCfg = Debug|Any CPU
		{ACF5316B-1249-4896-94DB-B09AEB6E2DCA}.Debug|Any CPU.Build.0 = Debug|Any CPU
		{ACF5316B-1249-4896-94DB-B09AEB6E2DCA}.Release|Any CPU.ActiveCfg = Release|Any CPU
		{ACF5316B-1249-4896-94DB-B09AEB6E2DCA}.Release|Any CPU.Build.0 = Release|Any CPU
		{4B9BA5BC-E707-4EF8-AD95-5322C7CDD634}.Debug|Any CPU.ActiveCfg = Debug|Any CPU
		{4B9BA5BC-E707-4EF8-AD95-5322C7CDD634}.Debug|Any CPU.Build.0 = Debug|Any CPU
		{4B9BA5BC-E707-4EF8-AD95-5322C7CDD634}.Release|Any CPU.ActiveCfg = Release|Any CPU
		{4B9BA5BC-E707-4EF8-AD95-5322C7CDD634}.Release|Any CPU.Build.0 = Release|Any CPU
		{043496C9-E4BA-44B5-BB41-DEBD61841B80}.Debug|Any CPU.ActiveCfg = Debug|Any CPU
		{043496C9-E4BA-44B5-BB41-DEBD61841B80}.Debug|Any CPU.Build.0 = Debug|Any CPU
		{043496C9-E4BA-44B5-BB41-DEBD61841B80}.Release|Any CPU.ActiveCfg = Release|Any CPU
		{043496C9-E4BA-44B5-BB41-DEBD61841B80}.Release|Any CPU.Build.0 = Release|Any CPU
	EndGlobalSection
	GlobalSection(SolutionProperties) = preSolution
		HideSolutionNode = FALSE
	EndGlobalSection
	GlobalSection(ExtensibilityGlobals) = postSolution
		SolutionGuid = {F5C5CBA9-A9A2-4046-A34F-36CEF6ABF7A0}
	EndGlobalSection
EndGlobal
